
Microsoft Visual Studio Solution File, Format Version 12.00
# Visual Studio Version 17
VisualStudioVersion = 17.13.35818.85 d17.13
MinimumVisualStudioVersion = 10.0.40219.1
Project("{FAE04EC0-301F-11D3-BF4B-00C04F79EFBC}") = "BrainFart", "BrainFart.csproj", "{FDC93A79-EEDB-4E47-8636-DADCB1A25051}"
EndProject
Global
	GlobalSection(SolutionConfigurationPlatforms) = preSolution
		Debug|Any CPU = Debug|Any CPU
		Release|Any CPU = Release|Any CPU
	EndGlobalSection
	GlobalSection(ProjectConfigurationPlatforms) = postSolution
		{FDC93A79-EEDB-4E47-8636-DADCB1A25051}.Debug|Any CPU.ActiveCfg = Debug|Any CPU
		{FDC93A79-EEDB-4E47-8636-DADCB1A25051}.Debug|Any CPU.Build.0 = Debug|Any CPU
		{FDC93A79-EEDB-4E47-8636-DADCB1A25051}.Release|Any CPU.ActiveCfg = Release|Any CPU
		{FDC93A79-EEDB-4E47-8636-DADCB1A25051}.Release|Any CPU.Build.0 = Release|Any CPU
	EndGlobalSection
	GlobalSection(SolutionProperties) = preSolution
		HideSolutionNode = FALSE
	EndGlobalSection
	GlobalSection(ExtensibilityGlobals) = postSolution
		SolutionGuid = {A2A79FED-6762-4E99-B9A2-C65FB64D2EE8}
	EndGlobalSection
EndGlobal
